
Microsoft Visual Studio Solution File, Format Version 12.00
# Visual Studio Version 17
VisualStudioVersion = 17.3.32929.385
MinimumVisualStudioVersion = 10.0.40219.1
Project("{FAE04EC0-301F-11D3-BF4B-00C04F79EFBC}") = "BetterDiscordPluginCleaner", "BetterDiscordPluginCleaner.csproj", "{DBCE4D4D-BC73-467E-A459-A6A50BA5F55A}"
EndProject
Global
	GlobalSection(SolutionConfigurationPlatforms) = preSolution
		Debug|Any CPU = Debug|Any CPU
		Release|Any CPU = Release|Any CPU
	EndGlobalSection
	GlobalSection(ProjectConfigurationPlatforms) = postSolution
		{DBCE4D4D-BC73-467E-A459-A6A50BA5F55A}.Debug|Any CPU.ActiveCfg = Debug|Any CPU
		{DBCE4D4D-BC73-467E-A459-A6A50BA5F55A}.Debug|Any CPU.Build.0 = Debug|Any CPU
		{DBCE4D4D-BC73-467E-A459-A6A50BA5F55A}.Release|Any CPU.ActiveCfg = Release|Any CPU
		{DBCE4D4D-BC73-467E-A459-A6A50BA5F55A}.Release|Any CPU.Build.0 = Release|Any CPU
	EndGlobalSection
	GlobalSection(SolutionProperties) = preSolution
		HideSolutionNode = FALSE
	EndGlobalSection
	GlobalSection(ExtensibilityGlobals) = postSolution
		SolutionGuid = {FAA2D85D-E158-4396-AA8A-09416DBDFF8B}
	EndGlobalSection
EndGlobal
